
Microsoft Visual Studio Solution File, Format Version 12.00
# Visual Studio Version 17
VisualStudioVersion = 17.14.36429.23
MinimumVisualStudioVersion = 10.0.40219.1
Project("{FAE04EC0-301F-11D3-BF4B-00C04F79EFBC}") = "RendezVousConsole", "RendezVousConsole\RendezVousConsole.csproj", "{8B149738-A1EA-4ABD-B10C-ED01FA7892FD}"
EndProject
Project("{FAE04EC0-301F-11D3-BF4B-00C04F79EFBC}") = "RendezVousConsole.Tests", "RendezVousConsole.Tests\RendezVousConsole.Tests.csproj", "{011A2FA7-32A4-4F5A-909E-5D9E39D3CB91}"
EndProject
Global
	GlobalSection(SolutionConfigurationPlatforms) = preSolution
		Debug|Any CPU = Debug|Any CPU
		Release|Any CPU = Release|Any CPU
	EndGlobalSection
	GlobalSection(ProjectConfigurationPlatforms) = postSolution
		{8B149738-A1EA-4ABD-B10C-ED01FA7892FD}.Debug|Any CPU.ActiveCfg = Debug|Any CPU
		{8B149738-A1EA-4ABD-B10C-ED01FA7892FD}.Debug|Any CPU.Build.0 = Debug|Any CPU
		{8B149738-A1EA-4ABD-B10C-ED01FA7892FD}.Release|Any CPU.ActiveCfg = Release|Any CPU
		{8B149738-A1EA-4ABD-B10C-ED01FA7892FD}.Release|Any CPU.Build.0 = Release|Any CPU
		{011A2FA7-32A4-4F5A-909E-5D9E39D3CB91}.Debug|Any CPU.ActiveCfg = Debug|Any CPU
		{011A2FA7-32A4-4F5A-909E-5D9E39D3CB91}.Debug|Any CPU.Build.0 = Debug|Any CPU
		{011A2FA7-32A4-4F5A-909E-5D9E39D3CB91}.Release|Any CPU.ActiveCfg = Release|Any CPU
		{011A2FA7-32A4-4F5A-909E-5D9E39D3CB91}.Release|Any CPU.Build.0 = Release|Any CPU
	EndGlobalSection
	GlobalSection(SolutionProperties) = preSolution
		HideSolutionNode = FALSE
	EndGlobalSection
	GlobalSection(ExtensibilityGlobals) = postSolution
		SolutionGuid = {4536CCF0-DD2D-4248-BC9A-3DA4DABD3C61}
	EndGlobalSection
EndGlobal
